PODS:
  - Nimble (7.3.1)
  - Quick (1.3.2)
  - SnapshotTesting (1.1.0)

DEPENDENCIES:
  - Nimble (~> 7.3)
  - Quick (~> 1.3)
  - SnapshotTesting (~> 1.0)

SPEC REPOS:
  https://github.com/cocoapods/specs.git:
    - Nimble
    - Quick
    - SnapshotTesting

SPEC CHECKSUMS:
  Nimble: 04f732da099ea4d153122aec8c2a88fd0c7219ae
  Quick: 2623cb30d7a7f41ca62f684f679586558f483d46
  SnapshotTesting: 8ed6a4dceee63f59a60e1bc86f9adbba54eb9287

PODFILE CHECKSUM: 6a5d91d5a46d0e5e03c5e4834329a2658aba876a

COCOAPODS: 1.5.3
