// !$*UTF8*$!
{
	archiveVersion = 1;
	classes = {
	};
	objectVersion = 46;
	objects = {

/* Begin PBXBuildFile section */
		0E4DF18667DE165D03DABB51 /* Pods_CNI_Booking_Tests.framework in Frameworks */ = {isa = PBXBuildFile; fileRef = 643C815BED3ADCDEF8BC72C3 /* Pods_CNI_Booking_Tests.framework */; };
		3B34B26621A411420097FCB7 /* CNI_Itineraries.framework in Frameworks */ = {isa = PBXBuildFile; fileRef = 3B34B25D21A411420097FCB7 /* CNI_Itineraries.framework */; };
		3B34B26D21A411420097FCB7 /* CNI_ItinerariesTests.swift in Sources */ = {isa = PBXBuildFile; fileRef = 3B34B26C21A411420097FCB7 /* CNI_ItinerariesTests.swift */; };
		3B34B26F21A411420097FCB7 /* CNI_Itineraries.h in Headers */ = {isa = PBXBuildFile; fileRef = 3B34B25F21A411420097FCB7 /* CNI_Itineraries.h */; settings = {ATTRIBUTES = (Public, ); }; };
		3B34B27221A411420097FCB7 /* CNI_Itineraries.framework in Frameworks */ = {isa = PBXBuildFile; fileRef = 3B34B25D21A411420097FCB7 /* CNI_Itineraries.framework */; };
		3B34B27321A411420097FCB7 /* CNI_Itineraries.framework in Embed Frameworks */ = {isa = PBXBuildFile; fileRef = 3B34B25D21A411420097FCB7 /* CNI_Itineraries.framework */; settings = {ATTRIBUTES = (CodeSignOnCopy, RemoveHeadersOnCopy, ); }; };
		3B34B28C21A411790097FCB7 /* SwiftyJSON.swift in Sources */ = {isa = PBXBuildFile; fileRef = 3B34B27D21A411790097FCB7 /* SwiftyJSON.swift */; };
		3B34B28D21A411790097FCB7 /* CNIBookingManager.swift in Sources */ = {isa = PBXBuildFile; fileRef = 3B34B27F21A411790097FCB7 /* CNIBookingManager.swift */; };
		3B34B28E21A411790097FCB7 /* CNIRequestManager.swift in Sources */ = {isa = PBXBuildFile; fileRef = 3B34B28021A411790097FCB7 /* CNIRequestManager.swift */; };
		3B34B28F21A411790097FCB7 /* CNIModelDelegate.swift in Sources */ = {isa = PBXBuildFile; fileRef = 3B34B28221A411790097FCB7 /* CNIModelDelegate.swift */; };
		3B34B29021A411790097FCB7 /* CNIHotel.swift in Sources */ = {isa = PBXBuildFile; fileRef = 3B34B28321A411790097FCB7 /* CNIHotel.swift */; };
		3B34B29121A411790097FCB7 /* CNINetworkConfiguration.swift in Sources */ = {isa = PBXBuildFile; fileRef = 3B34B28421A411790097FCB7 /* CNINetworkConfiguration.swift */; };
		3B34B29221A411790097FCB7 /* CNIService.swift in Sources */ = {isa = PBXBuildFile; fileRef = 3B34B28521A411790097FCB7 /* CNIService.swift */; };
		3B34B29321A411790097FCB7 /* CNIGuest.swift in Sources */ = {isa = PBXBuildFile; fileRef = 3B34B28621A411790097FCB7 /* CNIGuest.swift */; };
		3B34B29421A411790097FCB7 /* CNIAddress.swift in Sources */ = {isa = PBXBuildFile; fileRef = 3B34B28721A411790097FCB7 /* CNIAddress.swift */; };
		3B34B29521A411790097FCB7 /* CNIStay.swift in Sources */ = {isa = PBXBuildFile; fileRef = 3B34B28821A411790097FCB7 /* CNIStay.swift */; };
		3B34B29621A411790097FCB7 /* CNIBooking.swift in Sources */ = {isa = PBXBuildFile; fileRef = 3B34B28921A411790097FCB7 /* CNIBooking.swift */; };
		3B34B29721A411790097FCB7 /* CNIObject.swift in Sources */ = {isa = PBXBuildFile; fileRef = 3B34B28A21A411790097FCB7 /* CNIObject.swift */; };
		607FACD61AFB9204008FA782 /* AppDelegate.swift in Sources */ = {isa = PBXBuildFile; fileRef = 607FACD51AFB9204008FA782 /* AppDelegate.swift */; };
		607FACD81AFB9204008FA782 /* ViewController.swift in Sources */ = {isa = PBXBuildFile; fileRef = 607FACD71AFB9204008FA782 /* ViewController.swift */; };
		607FACDB1AFB9204008FA782 /* Main.storyboard in Resources */ = {isa = PBXBuildFile; fileRef = 607FACD91AFB9204008FA782 /* Main.storyboard */; };
		607FACDD1AFB9204008FA782 /* Images.xcassets in Resources */ = {isa = PBXBuildFile; fileRef = 607FACDC1AFB9204008FA782 /* Images.xcassets */; };
		607FACE01AFB9204008FA782 /* LaunchScreen.xib in Resources */ = {isa = PBXBuildFile; fileRef = 607FACDE1AFB9204008FA782 /* LaunchScreen.xib */; };
		607FACEC1AFB9204008FA782 /* Tests.swift in Sources */ = {isa = PBXBuildFile; fileRef = 607FACEB1AFB9204008FA782 /* Tests.swift */; };
		ACD32E677FFCA33F3A46B066 /* Pods_CNI_Booking_Example.framework in Frameworks */ = {isa = PBXBuildFile; fileRef = 949BCB69086AFD2F55DF7E0F /* Pods_CNI_Booking_Example.framework */; };
/* End PBXBuildFile section */

/* Begin PBXContainerItemProxy section */
		3B34B26721A411420097FCB7 /* PBXContainerItemProxy */ = {
			isa = PBXContainerItemProxy;
			containerPortal = 607FACC81AFB9204008FA782 /* Project object */;
			proxyType = 1;
			remoteGlobalIDString = 3B34B25C21A411420097FCB7;
			remoteInfo = "CNI-Itineraries";
		};
		3B34B26921A411420097FCB7 /* PBXContainerItemProxy */ = {
			isa = PBXContainerItemProxy;
			containerPortal = 607FACC81AFB9204008FA782 /* Project object */;
			proxyType = 1;
			remoteGlobalIDString = 607FACCF1AFB9204008FA782;
			remoteInfo = "CNI-Booking_Example";
		};
		3B34B27021A411420097FCB7 /* PBXContainerItemProxy */ = {
			isa = PBXContainerItemProxy;
			containerPortal = 607FACC81AFB9204008FA782 /* Project object */;
			proxyType = 1;
			remoteGlobalIDString = 3B34B25C21A411420097FCB7;
			remoteInfo = "CNI-Itineraries";
		};
		607FACE61AFB9204008FA782 /* PBXContainerItemProxy */ = {
			isa = PBXContainerItemProxy;
			containerPortal = 607FACC81AFB9204008FA782 /* Project object */;
			proxyType = 1;
			remoteGlobalIDString = 607FACCF1AFB9204008FA782;
			remoteInfo = "CNI-Booking";
		};
/* End PBXContainerItemProxy section */

/* Begin PBXCopyFilesBuildPhase section */
		3B34B23521A40FF40097FCB7 /* Embed Frameworks */ = {
			isa = PBXCopyFilesBuildPhase;
			buildActionMask = 2147483647;
			dstPath = "";
			dstSubfolderSpec = 10;
			files = (
				3B34B27321A411420097FCB7 /* CNI_Itineraries.framework in Embed Frameworks */,
			);
			name = "Embed Frameworks";
			runOnlyForDeploymentPostprocessing = 0;
		};
/* End PBXCopyFilesBuildPhase section */

/* Begin PBXFileReference section */
		12BFD7D4B087CCD429F2EE39 /* LICENSE */ = {isa = PBXFileReference; includeInIndex = 1; lastKnownFileType = text; name = LICENSE; path = ../LICENSE; sourceTree = "<group>"; };
		363C194D8AE7B99E689A4D84 /* README.md */ = {isa = PBXFileReference; includeInIndex = 1; lastKnownFileType = net.daringfireball.markdown; name = README.md; path = ../README.md; sourceTree = "<group>"; };
		3B34B25D21A411420097FCB7 /* CNI_Itineraries.framework */ = {isa = PBXFileReference; explicitFileType = wrapper.framework; includeInIndex = 0; path = CNI_Itineraries.framework; sourceTree = BUILT_PRODUCTS_DIR; };
		3B34B25F21A411420097FCB7 /* CNI_Itineraries.h */ = {isa = PBXFileReference; lastKnownFileType = sourcecode.c.h; path = CNI_Itineraries.h; sourceTree = "<group>"; };
		3B34B26021A411420097FCB7 /* Info.plist */ = {isa = PBXFileReference; lastKnownFileType = text.plist.xml; path = Info.plist; sourceTree = "<group>"; };
		3B34B26521A411420097FCB7 /* CNI-ItinerariesTests.xctest */ = {isa = PBXFileReference; explicitFileType = wrapper.cfbundle; includeInIndex = 0; path = "CNI-ItinerariesTests.xctest"; sourceTree = BUILT_PRODUCTS_DIR; };
		3B34B26C21A411420097FCB7 /* CNI_ItinerariesTests.swift */ = {isa = PBXFileReference; lastKnownFileType = sourcecode.swift; path = CNI_ItinerariesTests.swift; sourceTree = "<group>"; };
		3B34B26E21A411420097FCB7 /* Info.plist */ = {isa = PBXFileReference; lastKnownFileType = text.plist.xml; path = Info.plist; sourceTree = "<group>"; };
		3B34B27B21A411790097FCB7 /* .gitkeep */ = {isa = PBXFileReference; fileEncoding = 4; lastKnownFileType = text; path = .gitkeep; sourceTree = "<group>"; };
		3B34B27D21A411790097FCB7 /* SwiftyJSON.swift */ = {isa = PBXFileReference; fileEncoding = 4; lastKnownFileType = sourcecode.swift; path = SwiftyJSON.swift; sourceTree = "<group>"; };
		3B34B27F21A411790097FCB7 /* CNIBookingManager.swift */ = {isa = PBXFileReference; fileEncoding = 4; lastKnownFileType = sourcecode.swift; path = CNIBookingManager.swift; sourceTree = "<group>"; };
		3B34B28021A411790097FCB7 /* CNIRequestManager.swift */ = {isa = PBXFileReference; fileEncoding = 4; lastKnownFileType = sourcecode.swift; path = CNIRequestManager.swift; sourceTree = "<group>"; };
		3B34B28221A411790097FCB7 /* CNIModelDelegate.swift */ = {isa = PBXFileReference; fileEncoding = 4; lastKnownFileType = sourcecode.swift; path = CNIModelDelegate.swift; sourceTree = "<group>"; };
		3B34B28321A411790097FCB7 /* CNIHotel.swift */ = {isa = PBXFileReference; fileEncoding = 4; lastKnownFileType = sourcecode.swift; path = CNIHotel.swift; sourceTree = "<group>"; };
		3B34B28421A411790097FCB7 /* CNINetworkConfiguration.swift */ = {isa = PBXFileReference; fileEncoding = 4; lastKnownFileType = sourcecode.swift; path = CNINetworkConfiguration.swift; sourceTree = "<group>"; };
		3B34B28521A411790097FCB7 /* CNIService.swift */ = {isa = PBXFileReference; fileEncoding = 4; lastKnownFileType = sourcecode.swift; path = CNIService.swift; sourceTree = "<group>"; };
		3B34B28621A411790097FCB7 /* CNIGuest.swift */ = {isa = PBXFileReference; fileEncoding = 4; lastKnownFileType = sourcecode.swift; path = CNIGuest.swift; sourceTree = "<group>"; };
		3B34B28721A411790097FCB7 /* CNIAddress.swift */ = {isa = PBXFileReference; fileEncoding = 4; lastKnownFileType = sourcecode.swift; path = CNIAddress.swift; sourceTree = "<group>"; };
		3B34B28821A411790097FCB7 /* CNIStay.swift */ = {isa = PBXFileReference; fileEncoding = 4; lastKnownFileType = sourcecode.swift; path = CNIStay.swift; sourceTree = "<group>"; };
		3B34B28921A411790097FCB7 /* CNIBooking.swift */ = {isa = PBXFileReference; fileEncoding = 4; lastKnownFileType = sourcecode.swift; path = CNIBooking.swift; sourceTree = "<group>"; };
		3B34B28A21A411790097FCB7 /* CNIObject.swift */ = {isa = PBXFileReference; fileEncoding = 4; lastKnownFileType = sourcecode.swift; path = CNIObject.swift; sourceTree = "<group>"; };
		58E6A07C98159ACD6A8B0AC9 /* Pods-CNI-Booking_Example.release.xcconfig */ = {isa = PBXFileReference; includeInIndex = 1; lastKnownFileType = text.xcconfig; name = "Pods-CNI-Booking_Example.release.xcconfig"; path = "Pods/Target Support Files/Pods-CNI-Booking_Example/Pods-CNI-Booking_Example.release.xcconfig"; sourceTree = "<group>"; };
		607FACD01AFB9204008FA782 /* CNI-Booking_Example.app */ = {isa = PBXFileReference; explicitFileType = wrapper.application; includeInIndex = 0; path = "CNI-Booking_Example.app"; sourceTree = BUILT_PRODUCTS_DIR; };
		607FACD41AFB9204008FA782 /* Info.plist */ = {isa = PBXFileReference; lastKnownFileType = text.plist.xml; path = Info.plist; sourceTree = "<group>"; };
		607FACD51AFB9204008FA782 /* AppDelegate.swift */ = {isa = PBXFileReference; lastKnownFileType = sourcecode.swift; path = AppDelegate.swift; sourceTree = "<group>"; };
		607FACD71AFB9204008FA782 /* ViewController.swift */ = {isa = PBXFileReference; lastKnownFileType = sourcecode.swift; path = ViewController.swift; sourceTree = "<group>"; };
		607FACDA1AFB9204008FA782 /* Base */ = {isa = PBXFileReference; lastKnownFileType = file.storyboard; name = Base; path = Base.lproj/Main.storyboard; sourceTree = "<group>"; };
		607FACDC1AFB9204008FA782 /* Images.xcassets */ = {isa = PBXFileReference; lastKnownFileType = folder.assetcatalog; path = Images.xcassets; sourceTree = "<group>"; };
		607FACDF1AFB9204008FA782 /* Base */ = {isa = PBXFileReference; lastKnownFileType = file.xib; name = Base; path = Base.lproj/LaunchScreen.xib; sourceTree = "<group>"; };
		607FACE51AFB9204008FA782 /* CNI-Booking_Tests.xctest */ = {isa = PBXFileReference; explicitFileType = wrapper.cfbundle; includeInIndex = 0; path = "CNI-Booking_Tests.xctest"; sourceTree = BUILT_PRODUCTS_DIR; };
		607FACEA1AFB9204008FA782 /* Info.plist */ = {isa = PBXFileReference; lastKnownFileType = text.plist.xml; path = Info.plist; sourceTree = "<group>"; };
		607FACEB1AFB9204008FA782 /* Tests.swift */ = {isa = PBXFileReference; lastKnownFileType = sourcecode.swift; path = Tests.swift; sourceTree = "<group>"; };
		643C815BED3ADCDEF8BC72C3 /* Pods_CNI_Booking_Tests.framework */ = {isa = PBXFileReference; explicitFileType = wrapper.framework; includeInIndex = 0; path = Pods_CNI_Booking_Tests.framework; sourceTree = BUILT_PRODUCTS_DIR; };
		8B1FB10E3B66AD3616859DA1 /* Pods-CNI-Booking_Tests.debug.xcconfig */ = {isa = PBXFileReference; includeInIndex = 1; lastKnownFileType = text.xcconfig; name = "Pods-CNI-Booking_Tests.debug.xcconfig"; path = "Pods/Target Support Files/Pods-CNI-Booking_Tests/Pods-CNI-Booking_Tests.debug.xcconfig"; sourceTree = "<group>"; };
		949BCB69086AFD2F55DF7E0F /* Pods_CNI_Booking_Example.framework */ = {isa = PBXFileReference; explicitFileType = wrapper.framework; includeInIndex = 0; path = Pods_CNI_Booking_Example.framework; sourceTree = BUILT_PRODUCTS_DIR; };
		DB152C05517D3230927283B5 /* CNI-Booking.podspec */ = {isa = PBXFileReference; includeInIndex = 1; lastKnownFileType = text; name = "CNI-Booking.podspec"; path = "../CNI-Booking.podspec"; sourceTree = "<group>"; xcLanguageSpecificationIdentifier = xcode.lang.ruby; };
		EB2096FD1BFFD333897378BE /* Pods-CNI-Booking_Tests.release.xcconfig */ = {isa = PBXFileReference; includeInIndex = 1; lastKnownFileType = text.xcconfig; name = "Pods-CNI-Booking_Tests.release.xcconfig"; path = "Pods/Target Support Files/Pods-CNI-Booking_Tests/Pods-CNI-Booking_Tests.release.xcconfig"; sourceTree = "<group>"; };
		F7E3F1E4784FCFA4DB1C556C /* Pods-CNI-Booking_Example.debug.xcconfig */ = {isa = PBXFileReference; includeInIndex = 1; lastKnownFileType = text.xcconfig; name = "Pods-CNI-Booking_Example.debug.xcconfig"; path = "Pods/Target Support Files/Pods-CNI-Booking_Example/Pods-CNI-Booking_Example.debug.xcconfig"; sourceTree = "<group>"; };
/* End PBXFileReference section */

/* Begin PBXFrameworksBuildPhase section */
		3B34B25A21A411420097FCB7 /* Frameworks */ = {
			isa = PBXFrameworksBuildPhase;
			buildActionMask = 2147483647;
			files = (
			);
			runOnlyForDeploymentPostprocessing = 0;
		};
		3B34B26221A411420097FCB7 /* Frameworks */ = {
			isa = PBXFrameworksBuildPhase;
			buildActionMask = 2147483647;
			files = (
				3B34B26621A411420097FCB7 /* CNI_Itineraries.framework in Frameworks */,
			);
			runOnlyForDeploymentPostprocessing = 0;
		};
		607FACCD1AFB9204008FA782 /* Frameworks */ = {
			isa = PBXFrameworksBuildPhase;
			buildActionMask = 2147483647;
			files = (
				ACD32E677FFCA33F3A46B066 /* Pods_CNI_Booking_Example.framework in Frameworks */,
				3B34B27221A411420097FCB7 /* CNI_Itineraries.framework in Frameworks */,
			);
			runOnlyForDeploymentPostprocessing = 0;
		};
		607FACE21AFB9204008FA782 /* Frameworks */ = {
			isa = PBXFrameworksBuildPhase;
			buildActionMask = 2147483647;
			files = (
				0E4DF18667DE165D03DABB51 /* Pods_CNI_Booking_Tests.framework in Frameworks */,
			);
			runOnlyForDeploymentPostprocessing = 0;
		};
/* End PBXFrameworksBuildPhase section */

/* Begin PBXGroup section */
		243D2052418C4333BD06CF58 /* Pods */ = {
			isa = PBXGroup;
			children = (
				F7E3F1E4784FCFA4DB1C556C /* Pods-CNI-Booking_Example.debug.xcconfig */,
				58E6A07C98159ACD6A8B0AC9 /* Pods-CNI-Booking_Example.release.xcconfig */,
				8B1FB10E3B66AD3616859DA1 /* Pods-CNI-Booking_Tests.debug.xcconfig */,
				EB2096FD1BFFD333897378BE /* Pods-CNI-Booking_Tests.release.xcconfig */,
			);
			name = Pods;
			sourceTree = "<group>";
		};
		34F22C16D2693C800A6013D1 /* Frameworks */ = {
			isa = PBXGroup;
			children = (
				949BCB69086AFD2F55DF7E0F /* Pods_CNI_Booking_Example.framework */,
				643C815BED3ADCDEF8BC72C3 /* Pods_CNI_Booking_Tests.framework */,
			);
			name = Frameworks;
			sourceTree = "<group>";
		};
		3B34B25E21A411420097FCB7 /* CNI-Itineraries */ = {
			isa = PBXGroup;
			children = (
				3B34B27A21A411790097FCB7 /* Assets */,
				3B34B27C21A411790097FCB7 /* Classes */,
				3B34B25F21A411420097FCB7 /* CNI_Itineraries.h */,
				3B34B26021A411420097FCB7 /* Info.plist */,
			);
			path = "CNI-Itineraries";
			sourceTree = "<group>";
		};
		3B34B26B21A411420097FCB7 /* CNI-ItinerariesTests */ = {
			isa = PBXGroup;
			children = (
				3B34B26C21A411420097FCB7 /* CNI_ItinerariesTests.swift */,
				3B34B26E21A411420097FCB7 /* Info.plist */,
			);
			path = "CNI-ItinerariesTests";
			sourceTree = "<group>";
		};
		3B34B27A21A411790097FCB7 /* Assets */ = {
			isa = PBXGroup;
			children = (
				3B34B27B21A411790097FCB7 /* .gitkeep */,
			);
			name = Assets;
			path = "../../CNI-Booking/Assets";
			sourceTree = "<group>";
		};
		3B34B27C21A411790097FCB7 /* Classes */ = {
			isa = PBXGroup;
			children = (
				3B34B27D21A411790097FCB7 /* SwiftyJSON.swift */,
				3B34B27E21A411790097FCB7 /* Managers */,
				3B34B28121A411790097FCB7 /* Models */,
			);
			name = Classes;
			path = "../../CNI-Booking/Classes";
			sourceTree = "<group>";
		};
		3B34B27E21A411790097FCB7 /* Managers */ = {
			isa = PBXGroup;
			children = (
				3B34B27F21A411790097FCB7 /* CNIBookingManager.swift */,
				3B34B28021A411790097FCB7 /* CNIRequestManager.swift */,
			);
			path = Managers;
			sourceTree = "<group>";
		};
		3B34B28121A411790097FCB7 /* Models */ = {
			isa = PBXGroup;
			children = (
				3B34B28221A411790097FCB7 /* CNIModelDelegate.swift */,
				3B34B28321A411790097FCB7 /* CNIHotel.swift */,
				3B34B28421A411790097FCB7 /* CNINetworkConfiguration.swift */,
				3B34B28521A411790097FCB7 /* CNIService.swift */,
				3B34B28621A411790097FCB7 /* CNIGuest.swift */,
				3B34B28721A411790097FCB7 /* CNIAddress.swift */,
				3B34B28821A411790097FCB7 /* CNIStay.swift */,
				3B34B28921A411790097FCB7 /* CNIBooking.swift */,
				3B34B28A21A411790097FCB7 /* CNIObject.swift */,
			);
			path = Models;
			sourceTree = "<group>";
		};
		607FACC71AFB9204008FA782 = {
			isa = PBXGroup;
			children = (
				607FACF51AFB993E008FA782 /* Podspec Metadata */,
				607FACD21AFB9204008FA782 /* Example for CNI-Booking */,
				607FACE81AFB9204008FA782 /* Tests */,
				3B34B25E21A411420097FCB7 /* CNI-Itineraries */,
				3B34B26B21A411420097FCB7 /* CNI-ItinerariesTests */,
				607FACD11AFB9204008FA782 /* Products */,
				243D2052418C4333BD06CF58 /* Pods */,
				34F22C16D2693C800A6013D1 /* Frameworks */,
			);
			sourceTree = "<group>";
		};
		607FACD11AFB9204008FA782 /* Products */ = {
			isa = PBXGroup;
			children = (
				607FACD01AFB9204008FA782 /* CNI-Booking_Example.app */,
				607FACE51AFB9204008FA782 /* CNI-Booking_Tests.xctest */,
				3B34B25D21A411420097FCB7 /* CNI_Itineraries.framework */,
				3B34B26521A411420097FCB7 /* CNI-ItinerariesTests.xctest */,
			);
			name = Products;
			sourceTree = "<group>";
		};
		607FACD21AFB9204008FA782 /* Example for CNI-Booking */ = {
			isa = PBXGroup;
			children = (
				607FACD51AFB9204008FA782 /* AppDelegate.swift */,
				607FACD71AFB9204008FA782 /* ViewController.swift */,
				607FACD91AFB9204008FA782 /* Main.storyboard */,
				607FACDC1AFB9204008FA782 /* Images.xcassets */,
				607FACDE1AFB9204008FA782 /* LaunchScreen.xib */,
				607FACD31AFB9204008FA782 /* Supporting Files */,
			);
			name = "Example for CNI-Booking";
			path = "CNI-Booking";
			sourceTree = "<group>";
		};
		607FACD31AFB9204008FA782 /* Supporting Files */ = {
			isa = PBXGroup;
			children = (
				607FACD41AFB9204008FA782 /* Info.plist */,
			);
			name = "Supporting Files";
			sourceTree = "<group>";
		};
		607FACE81AFB9204008FA782 /* Tests */ = {
			isa = PBXGroup;
			children = (
				607FACEB1AFB9204008FA782 /* Tests.swift */,
				607FACE91AFB9204008FA782 /* Supporting Files */,
			);
			path = Tests;
			sourceTree = "<group>";
		};
		607FACE91AFB9204008FA782 /* Supporting Files */ = {
			isa = PBXGroup;
			children = (
				607FACEA1AFB9204008FA782 /* Info.plist */,
			);
			name = "Supporting Files";
			sourceTree = "<group>";
		};
		607FACF51AFB993E008FA782 /* Podspec Metadata */ = {
			isa = PBXGroup;
			children = (
				DB152C05517D3230927283B5 /* CNI-Booking.podspec */,
				363C194D8AE7B99E689A4D84 /* README.md */,
				12BFD7D4B087CCD429F2EE39 /* LICENSE */,
			);
			name = "Podspec Metadata";
			sourceTree = "<group>";
		};
/* End PBXGroup section */

/* Begin PBXHeadersBuildPhase section */
		3B34B25821A411420097FCB7 /* Headers */ = {
			isa = PBXHeadersBuildPhase;
			buildActionMask = 2147483647;
			files = (
				3B34B26F21A411420097FCB7 /* CNI_Itineraries.h in Headers */,
			);
			runOnlyForDeploymentPostprocessing = 0;
		};
/* End PBXHeadersBuildPhase section */

/* Begin PBXNativeTarget section */
		3B34B25C21A411420097FCB7 /* CNI-Itineraries */ = {
			isa = PBXNativeTarget;
			buildConfigurationList = 3B34B27421A411420097FCB7 /* Build configuration list for PBXNativeTarget "CNI-Itineraries" */;
			buildPhases = (
				3B34B25821A411420097FCB7 /* Headers */,
				3B34B25921A411420097FCB7 /* Sources */,
				3B34B25A21A411420097FCB7 /* Frameworks */,
				3B34B25B21A411420097FCB7 /* Resources */,
			);
			buildRules = (
			);
			dependencies = (
			);
			name = "CNI-Itineraries";
			productName = "CNI-Itineraries";
			productReference = 3B34B25D21A411420097FCB7 /* CNI_Itineraries.framework */;
			productType = "com.apple.product-type.framework";
		};
		3B34B26421A411420097FCB7 /* CNI-ItinerariesTests */ = {
			isa = PBXNativeTarget;
			buildConfigurationList = 3B34B27721A411420097FCB7 /* Build configuration list for PBXNativeTarget "CNI-ItinerariesTests" */;
			buildPhases = (
				3B34B26121A411420097FCB7 /* Sources */,
				3B34B26221A411420097FCB7 /* Frameworks */,
				3B34B26321A411420097FCB7 /* Resources */,
			);
			buildRules = (
			);
			dependencies = (
				3B34B26821A411420097FCB7 /* PBXTargetDependency */,
				3B34B26A21A411420097FCB7 /* PBXTargetDependency */,
			);
			name = "CNI-ItinerariesTests";
			productName = "CNI-ItinerariesTests";
			productReference = 3B34B26521A411420097FCB7 /* CNI-ItinerariesTests.xctest */;
			productType = "com.apple.product-type.bundle.unit-test";
		};
		607FACCF1AFB9204008FA782 /* CNI-Booking_Example */ = {
			isa = PBXNativeTarget;
			buildConfigurationList = 607FACEF1AFB9204008FA782 /* Build configuration list for PBXNativeTarget "CNI-Booking_Example" */;
			buildPhases = (
				EECF3E584F8D5ABD4251663E /* [CP] Check Pods Manifest.lock */,
				607FACCC1AFB9204008FA782 /* Sources */,
				607FACCD1AFB9204008FA782 /* Frameworks */,
				607FACCE1AFB9204008FA782 /* Resources */,
				9105EDFB7F440185040F5295 /* [CP] Embed Pods Frameworks */,
				3B34B23521A40FF40097FCB7 /* Embed Frameworks */,
			);
			buildRules = (
			);
			dependencies = (
				3B34B27121A411420097FCB7 /* PBXTargetDependency */,
			);
			name = "CNI-Booking_Example";
			productName = "CNI-Booking";
			productReference = 607FACD01AFB9204008FA782 /* CNI-Booking_Example.app */;
			productType = "com.apple.product-type.application";
		};
		607FACE41AFB9204008FA782 /* CNI-Booking_Tests */ = {
			isa = PBXNativeTarget;
			buildConfigurationList = 607FACF21AFB9204008FA782 /* Build configuration list for PBXNativeTarget "CNI-Booking_Tests" */;
			buildPhases = (
				854A1C203599905458B48C75 /* [CP] Check Pods Manifest.lock */,
				607FACE11AFB9204008FA782 /* Sources */,
				607FACE21AFB9204008FA782 /* Frameworks */,
				607FACE31AFB9204008FA782 /* Resources */,
			);
			buildRules = (
			);
			dependencies = (
				607FACE71AFB9204008FA782 /* PBXTargetDependency */,
			);
			name = "CNI-Booking_Tests";
			productName = Tests;
			productReference = 607FACE51AFB9204008FA782 /* CNI-Booking_Tests.xctest */;
			productType = "com.apple.product-type.bundle.unit-test";
		};
/* End PBXNativeTarget section */

/* Begin PBXProject section */
		607FACC81AFB9204008FA782 /* Project object */ = {
			isa = PBXProject;
			attributes = {
				LastSwiftUpdateCheck = 1010;
				LastUpgradeCheck = 0830;
				ORGANIZATIONNAME = CocoaPods;
				TargetAttributes = {
					3B34B25C21A411420097FCB7 = {
						CreatedOnToolsVersion = 10.1;
						DevelopmentTeam = DRL7ER946T;
						ProvisioningStyle = Automatic;
					};
					3B34B26421A411420097FCB7 = {
						CreatedOnToolsVersion = 10.1;
						DevelopmentTeam = DRL7ER946T;
						ProvisioningStyle = Automatic;
						TestTargetID = 607FACCF1AFB9204008FA782;
					};
					607FACCF1AFB9204008FA782 = {
						CreatedOnToolsVersion = 6.3.1;
						DevelopmentTeam = DRL7ER946T;
						LastSwiftMigration = 0900;
					};
					607FACE41AFB9204008FA782 = {
						CreatedOnToolsVersion = 6.3.1;
						DevelopmentTeam = DRL7ER946T;
						LastSwiftMigration = 0900;
						TestTargetID = 607FACCF1AFB9204008FA782;
					};
				};
			};
			buildConfigurationList = 607FACCB1AFB9204008FA782 /* Build configuration list for PBXProject "CNI-Booking" */;
			compatibilityVersion = "Xcode 3.2";
			developmentRegion = English;
			hasScannedForEncodings = 0;
			knownRegions = (
				en,
				Base,
			);
			mainGroup = 607FACC71AFB9204008FA782;
			productRefGroup = 607FACD11AFB9204008FA782 /* Products */;
			projectDirPath = "";
			projectRoot = "";
			targets = (
				607FACCF1AFB9204008FA782 /* CNI-Booking_Example */,
				607FACE41AFB9204008FA782 /* CNI-Booking_Tests */,
				3B34B25C21A411420097FCB7 /* CNI-Itineraries */,
				3B34B26421A411420097FCB7 /* CNI-ItinerariesTests */,
			);
		};
/* End PBXProject section */

/* Begin PBXResourcesBuildPhase section */
		3B34B25B21A411420097FCB7 /* Resources */ = {
			isa = PBXResourcesBuildPhase;
			buildActionMask = 2147483647;
			files = (
			);
			runOnlyForDeploymentPostprocessing = 0;
		};
		3B34B26321A411420097FCB7 /* Resources */ = {
			isa = PBXResourcesBuildPhase;
			buildActionMask = 2147483647;
			files = (
			);
			runOnlyForDeploymentPostprocessing = 0;
		};
		607FACCE1AFB9204008FA782 /* Resources */ = {
			isa = PBXResourcesBuildPhase;
			buildActionMask = 2147483647;
			files = (
				607FACDB1AFB9204008FA782 /* Main.storyboard in Resources */,
				607FACE01AFB9204008FA782 /* LaunchScreen.xib in Resources */,
				607FACDD1AFB9204008FA782 /* Images.xcassets in Resources */,
			);
			runOnlyForDeploymentPostprocessing = 0;
		};
		607FACE31AFB9204008FA782 /* Resources */ = {
			isa = PBXResourcesBuildPhase;
			buildActionMask = 2147483647;
			files = (
			);
			runOnlyForDeploymentPostprocessing = 0;
		};
/* End PBXResourcesBuildPhase section */

/* Begin PBXShellScriptBuildPhase section */
		854A1C203599905458B48C75 /* [CP] Check Pods Manifest.lock */ = {
			isa = PBXShellScriptBuildPhase;
			buildActionMask = 2147483647;
			files = (
			);
			inputPaths = (
				"${PODS_PODFILE_DIR_PATH}/Podfile.lock",
				"${PODS_ROOT}/Manifest.lock",
			);
			name = "[CP] Check Pods Manifest.lock";
			outputPaths = (
				"$(DERIVED_FILE_DIR)/Pods-CNI-Booking_Tests-checkManifestLockResult.txt",
			);
			runOnlyForDeploymentPostprocessing = 0;
			shellPath = /bin/sh;
			shellScript = "diff \"${PODS_PODFILE_DIR_PATH}/Podfile.lock\" \"${PODS_ROOT}/Manifest.lock\" > /dev/null\nif [ $? != 0 ] ; then\n    # print error to STDERR\n    echo \"error: The sandbox is not in sync with the Podfile.lock. Run 'pod install' or update your CocoaPods installation.\" >&2\n    exit 1\nfi\n# This output is used by Xcode 'outputs' to avoid re-running this script phase.\necho \"SUCCESS\" > \"${SCRIPT_OUTPUT_FILE_0}\"\n";
			showEnvVarsInLog = 0;
		};
		9105EDFB7F440185040F5295 /* [CP] Embed Pods Frameworks */ = {
			isa = PBXShellScriptBuildPhase;
			buildActionMask = 2147483647;
			files = (
			);
			inputPaths = (
				"${SRCROOT}/Pods/Target Support Files/Pods-CNI-Booking_Example/Pods-CNI-Booking_Example-frameworks.sh",
				"${BUILT_PRODUCTS_DIR}/CNI-Booking/CNI_Booking.framework",
			);
			name = "[CP] Embed Pods Frameworks";
			outputPaths = (
				"${TARGET_BUILD_DIR}/${FRAMEWORKS_FOLDER_PATH}/CNI_Booking.framework",
			);
			runOnlyForDeploymentPostprocessing = 0;
			shellPath = /bin/sh;
			shellScript = "\"${SRCROOT}/Pods/Target Support Files/Pods-CNI-Booking_Example/Pods-CNI-Booking_Example-frameworks.sh\"\n";
			showEnvVarsInLog = 0;
		};
		EECF3E584F8D5ABD4251663E /* [CP] Check Pods Manifest.lock */ = {
			isa = PBXShellScriptBuildPhase;
			buildActionMask = 2147483647;
			files = (
			);
			inputPaths = (
				"${PODS_PODFILE_DIR_PATH}/Podfile.lock",
				"${PODS_ROOT}/Manifest.lock",
			);
			name = "[CP] Check Pods Manifest.lock";
			outputPaths = (
				"$(DERIVED_FILE_DIR)/Pods-CNI-Booking_Example-checkManifestLockResult.txt",
			);
			runOnlyForDeploymentPostprocessing = 0;
			shellPath = /bin/sh;
			shellScript = "diff \"${PODS_PODFILE_DIR_PATH}/Podfile.lock\" \"${PODS_ROOT}/Manifest.lock\" > /dev/null\nif [ $? != 0 ] ; then\n    # print error to STDERR\n    echo \"error: The sandbox is not in sync with the Podfile.lock. Run 'pod install' or update your CocoaPods installation.\" >&2\n    exit 1\nfi\n# This output is used by Xcode 'outputs' to avoid re-running this script phase.\necho \"SUCCESS\" > \"${SCRIPT_OUTPUT_FILE_0}\"\n";
			showEnvVarsInLog = 0;
		};
/* End PBXShellScriptBuildPhase section */

/* Begin PBXSourcesBuildPhase section */
		3B34B25921A411420097FCB7 /* Sources */ = {
			isa = PBXSourcesBuildPhase;
			buildActionMask = 2147483647;
			files = (
				3B34B29621A411790097FCB7 /* CNIBooking.swift in Sources */,
				3B34B29421A411790097FCB7 /* CNIAddress.swift in Sources */,
				3B34B29221A411790097FCB7 /* CNIService.swift in Sources */,
				3B34B29721A411790097FCB7 /* CNIObject.swift in Sources */,
				3B34B29121A411790097FCB7 /* CNINetworkConfiguration.swift in Sources */,
				3B34B29521A411790097FCB7 /* CNIStay.swift in Sources */,
				3B34B28D21A411790097FCB7 /* CNIBookingManager.swift in Sources */,
				3B34B29321A411790097FCB7 /* CNIGuest.swift in Sources */,
				3B34B28E21A411790097FCB7 /* CNIRequestManager.swift in Sources */,
				3B34B29021A411790097FCB7 /* CNIHotel.swift in Sources */,
				3B34B28C21A411790097FCB7 /* SwiftyJSON.swift in Sources */,
				3B34B28F21A411790097FCB7 /* CNIModelDelegate.swift in Sources */,
			);
			runOnlyForDeploymentPostprocessing = 0;
		};
		3B34B26121A411420097FCB7 /* Sources */ = {
			isa = PBXSourcesBuildPhase;
			buildActionMask = 2147483647;
			files = (
				3B34B26D21A411420097FCB7 /* CNI_ItinerariesTests.swift in Sources */,
			);
			runOnlyForDeploymentPostprocessing = 0;
		};
		607FACCC1AFB9204008FA782 /* Sources */ = {
			isa = PBXSourcesBuildPhase;
			buildActionMask = 2147483647;
			files = (
				607FACD81AFB9204008FA782 /* ViewController.swift in Sources */,
				607FACD61AFB9204008FA782 /* AppDelegate.swift in Sources */,
			);
			runOnlyForDeploymentPostprocessing = 0;
		};
		607FACE11AFB9204008FA782 /* Sources */ = {
			isa = PBXSourcesBuildPhase;
			buildActionMask = 2147483647;
			files = (
				607FACEC1AFB9204008FA782 /* Tests.swift in Sources */,
			);
			runOnlyForDeploymentPostprocessing = 0;
		};
/* End PBXSourcesBuildPhase section */

/* Begin PBXTargetDependency section */
		3B34B26821A411420097FCB7 /* PBXTargetDependency */ = {
			isa = PBXTargetDependency;
			target = 3B34B25C21A411420097FCB7 /* CNI-Itineraries */;
			targetProxy = 3B34B26721A411420097FCB7 /* PBXContainerItemProxy */;
		};
		3B34B26A21A411420097FCB7 /* PBXTargetDependency */ = {
			isa = PBXTargetDependency;
			target = 607FACCF1AFB9204008FA782 /* CNI-Booking_Example */;
			targetProxy = 3B34B26921A411420097FCB7 /* PBXContainerItemProxy */;
		};
		3B34B27121A411420097FCB7 /* PBXTargetDependency */ = {
			isa = PBXTargetDependency;
			target = 3B34B25C21A411420097FCB7 /* CNI-Itineraries */;
			targetProxy = 3B34B27021A411420097FCB7 /* PBXContainerItemProxy */;
		};
		607FACE71AFB9204008FA782 /* PBXTargetDependency */ = {
			isa = PBXTargetDependency;
			target = 607FACCF1AFB9204008FA782 /* CNI-Booking_Example */;
			targetProxy = 607FACE61AFB9204008FA782 /* PBXContainerItemProxy */;
		};
/* End PBXTargetDependency section */

/* Begin PBXVariantGroup section */
		607FACD91AFB9204008FA782 /* Main.storyboard */ = {
			isa = PBXVariantGroup;
			children = (
				607FACDA1AFB9204008FA782 /* Base */,
			);
			name = Main.storyboard;
			sourceTree = "<group>";
		};
		607FACDE1AFB9204008FA782 /* LaunchScreen.xib */ = {
			isa = PBXVariantGroup;
			children = (
				607FACDF1AFB9204008FA782 /* Base */,
			);
			name = LaunchScreen.xib;
			sourceTree = "<group>";
		};
/* End PBXVariantGroup section */

/* Begin XCBuildConfiguration section */
		3B34B27521A411420097FCB7 /* Debug */ = {
			isa = XCBuildConfiguration;
			buildSettings = {
				CLANG_ANALYZER_NONNULL = YES;
				CLANG_ANALYZER_NUMBER_OBJECT_CONVERSION = YES_AGGRESSIVE;
				CLANG_CXX_LANGUAGE_STANDARD = "gnu++14";
				CLANG_ENABLE_OBJC_WEAK = YES;
				CLANG_WARN_DEPRECATED_OBJC_IMPLEMENTATIONS = YES;
				CLANG_WARN_DOCUMENTATION_COMMENTS = YES;
				CLANG_WARN_OBJC_IMPLICIT_RETAIN_SELF = YES;
				CLANG_WARN_UNGUARDED_AVAILABILITY = YES_AGGRESSIVE;
				CODE_SIGN_IDENTITY = "iPhone Developer";
				CODE_SIGN_STYLE = Automatic;
				CURRENT_PROJECT_VERSION = 1;
				DEBUG_INFORMATION_FORMAT = dwarf;
				DEFINES_MODULE = YES;
				DEVELOPMENT_TEAM = DRL7ER946T;
				DYLIB_COMPATIBILITY_VERSION = 1;
				DYLIB_CURRENT_VERSION = 1;
				DYLIB_INSTALL_NAME_BASE = "@rpath";
				GCC_C_LANGUAGE_STANDARD = gnu11;
				INFOPLIST_FILE = "CNI-Itineraries/Info.plist";
				INSTALL_PATH = "$(LOCAL_LIBRARY_DIR)/Frameworks";
				IPHONEOS_DEPLOYMENT_TARGET = 12.1;
				LD_RUNPATH_SEARCH_PATHS = "$(inherited) @executable_path/Frameworks @loader_path/Frameworks";
				MTL_ENABLE_DEBUG_INFO = INCLUDE_SOURCE;
				MTL_FAST_MATH = YES;
				PRODUCT_BUNDLE_IDENTIFIER = "com.conichi.CNI-Itineraries";
				PRODUCT_NAME = "$(TARGET_NAME:c99extidentifier)";
				SKIP_INSTALL = YES;
				SWIFT_ACTIVE_COMPILATION_CONDITIONS = DEBUG;
				SWIFT_VERSION = 4.2;
				TARGETED_DEVICE_FAMILY = "1,2";
				VERSIONING_SYSTEM = "apple-generic";
				VERSION_INFO_PREFIX = "";
			};
			name = Debug;
		};
		3B34B27621A411420097FCB7 /* Release */ = {
			isa = XCBuildConfiguration;
			buildSettings = {
				CLANG_ANALYZER_NONNULL = YES;
				CLANG_ANALYZER_NUMBER_OBJECT_CONVERSION = YES_AGGRESSIVE;
				CLANG_CXX_LANGUAGE_STANDARD = "gnu++14";
				CLANG_ENABLE_OBJC_WEAK = YES;
				CLANG_WARN_DEPRECATED_OBJC_IMPLEMENTATIONS = YES;
				CLANG_WARN_DOCUMENTATION_COMMENTS = YES;
				CLANG_WARN_OBJC_IMPLICIT_RETAIN_SELF = YES;
				CLANG_WARN_UNGUARDED_AVAILABILITY = YES_AGGRESSIVE;
				CODE_SIGN_IDENTITY = "iPhone Developer";
				CODE_SIGN_STYLE = Automatic;
				CURRENT_PROJECT_VERSION = 1;
				DEFINES_MODULE = YES;
				DEVELOPMENT_TEAM = DRL7ER946T;
				DYLIB_COMPATIBILITY_VERSION = 1;
				DYLIB_CURRENT_VERSION = 1;
				DYLIB_INSTALL_NAME_BASE = "@rpath";
				GCC_C_LANGUAGE_STANDARD = gnu11;
				INFOPLIST_FILE = "CNI-Itineraries/Info.plist";
				INSTALL_PATH = "$(LOCAL_LIBRARY_DIR)/Frameworks";
				IPHONEOS_DEPLOYMENT_TARGET = 12.1;
				LD_RUNPATH_SEARCH_PATHS = "$(inherited) @executable_path/Frameworks @loader_path/Frameworks";
				MTL_FAST_MATH = YES;
				PRODUCT_BUNDLE_IDENTIFIER = "com.conichi.CNI-Itineraries";
				PRODUCT_NAME = "$(TARGET_NAME:c99extidentifier)";
				SKIP_INSTALL = YES;
				SWIFT_VERSION = 4.2;
				TARGETED_DEVICE_FAMILY = "1,2";
				VERSIONING_SYSTEM = "apple-generic";
				VERSION_INFO_PREFIX = "";
			};
			name = Release;
		};
		3B34B27821A411420097FCB7 /* Debug */ = {
			isa = XCBuildConfiguration;
			buildSettings = {
				ALWAYS_EMBED_SWIFT_STANDARD_LIBRARIES = YES;
				CLANG_ANALYZER_NONNULL = YES;
				CLANG_ANALYZER_NUMBER_OBJECT_CONVERSION = YES_AGGRESSIVE;
				CLANG_CXX_LANGUAGE_STANDARD = "gnu++14";
				CLANG_ENABLE_OBJC_WEAK = YES;
				CLANG_WARN_DEPRECATED_OBJC_IMPLEMENTATIONS = YES;
				CLANG_WARN_DOCUMENTATION_COMMENTS = YES;
				CLANG_WARN_OBJC_IMPLICIT_RETAIN_SELF = YES;
				CLANG_WARN_UNGUARDED_AVAILABILITY = YES_AGGRESSIVE;
				CODE_SIGN_IDENTITY = "iPhone Developer";
				CODE_SIGN_STYLE = Automatic;
				DEBUG_INFORMATION_FORMAT = dwarf;
				DEVELOPMENT_TEAM = DRL7ER946T;
				GCC_C_LANGUAGE_STANDARD = gnu11;
				INFOPLIST_FILE = "CNI-ItinerariesTests/Info.plist";
				IPHONEOS_DEPLOYMENT_TARGET = 12.1;
				LD_RUNPATH_SEARCH_PATHS = "$(inherited) @executable_path/Frameworks @loader_path/Frameworks";
				MTL_ENABLE_DEBUG_INFO = INCLUDE_SOURCE;
				MTL_FAST_MATH = YES;
				PRODUCT_BUNDLE_IDENTIFIER = "com.conichi.CNI-ItinerariesTests";
				PRODUCT_NAME = "$(TARGET_NAME)";
				SWIFT_ACTIVE_COMPILATION_CONDITIONS = DEBUG;
				SWIFT_VERSION = 4.2;
				TARGETED_DEVICE_FAMILY = "1,2";
				TEST_HOST = "$(BUILT_PRODUCTS_DIR)/CNI-Booking_Example.app/CNI-Booking_Example";
			};
			name = Debug;
		};
		3B34B27921A411420097FCB7 /* Release */ = {
			isa = XCBuildConfiguration;
			buildSettings = {
				ALWAYS_EMBED_SWIFT_STANDARD_LIBRARIES = YES;
				CLANG_ANALYZER_NONNULL = YES;
				CLANG_ANALYZER_NUMBER_OBJECT_CONVERSION = YES_AGGRESSIVE;
				CLANG_CXX_LANGUAGE_STANDARD = "gnu++14";
				CLANG_ENABLE_OBJC_WEAK = YES;
				CLANG_WARN_DEPRECATED_OBJC_IMPLEMENTATIONS = YES;
				CLANG_WARN_DOCUMENTATION_COMMENTS = YES;
				CLANG_WARN_OBJC_IMPLICIT_RETAIN_SELF = YES;
				CLANG_WARN_UNGUARDED_AVAILABILITY = YES_AGGRESSIVE;
				CODE_SIGN_IDENTITY = "iPhone Developer";
				CODE_SIGN_STYLE = Automatic;
				DEVELOPMENT_TEAM = DRL7ER946T;
				GCC_C_LANGUAGE_STANDARD = gnu11;
				INFOPLIST_FILE = "CNI-ItinerariesTests/Info.plist";
				IPHONEOS_DEPLOYMENT_TARGET = 12.1;
				LD_RUNPATH_SEARCH_PATHS = "$(inherited) @executable_path/Frameworks @loader_path/Frameworks";
				MTL_FAST_MATH = YES;
				PRODUCT_BUNDLE_IDENTIFIER = "com.conichi.CNI-ItinerariesTests";
				PRODUCT_NAME = "$(TARGET_NAME)";
				SWIFT_VERSION = 4.2;
				TARGETED_DEVICE_FAMILY = "1,2";
				TEST_HOST = "$(BUILT_PRODUCTS_DIR)/CNI-Booking_Example.app/CNI-Booking_Example";
			};
			name = Release;
		};
		607FACED1AFB9204008FA782 /* Debug */ = {
			isa = XCBuildConfiguration;
			buildSettings = {
				ALWAYS_SEARCH_USER_PATHS = NO;
				CLANG_CXX_LANGUAGE_STANDARD = "gnu++0x";
				CLANG_CXX_LIBRARY = "libc++";
				CLANG_ENABLE_MODULES = YES;
				CLANG_ENABLE_OBJC_ARC = YES;
				CLANG_WARN_BLOCK_CAPTURE_AUTORELEASING = YES;
				CLANG_WARN_BOOL_CONVERSION = YES;
				CLANG_WARN_COMMA = YES;
				CLANG_WARN_CONSTANT_CONVERSION = YES;
				CLANG_WARN_DIRECT_OBJC_ISA_USAGE = YES_ERROR;
				CLANG_WARN_EMPTY_BODY = YES;
				CLANG_WARN_ENUM_CONVERSION = YES;
				CLANG_WARN_INFINITE_RECURSION = YES;
				CLANG_WARN_INT_CONVERSION = YES;
				CLANG_WARN_NON_LITERAL_NULL_CONVERSION = YES;
				CLANG_WARN_OBJC_LITERAL_CONVERSION = YES;
				CLANG_WARN_OBJC_ROOT_CLASS = YES_ERROR;
				CLANG_WARN_RANGE_LOOP_ANALYSIS = YES;
				CLANG_WARN_STRICT_PROTOTYPES = YES;
				CLANG_WARN_SUSPICIOUS_MOVE = YES;
				CLANG_WARN_UNREACHABLE_CODE = YES;
				CLANG_WARN__DUPLICATE_METHOD_MATCH = YES;
				"CODE_SIGN_IDENTITY[sdk=iphoneos*]" = "iPhone Developer";
				COPY_PHASE_STRIP = NO;
				DEBUG_INFORMATION_FORMAT = "dwarf-with-dsym";
				ENABLE_STRICT_OBJC_MSGSEND = YES;
				ENABLE_TESTABILITY = YES;
				GCC_C_LANGUAGE_STANDARD = gnu99;
				GCC_DYNAMIC_NO_PIC = NO;
				GCC_NO_COMMON_BLOCKS = YES;
				GCC_OPTIMIZATION_LEVEL = 0;
				GCC_PREPROCESSOR_DEFINITIONS = (
					"DEBUG=1",
					"$(inherited)",
				);
				GCC_SYMBOLS_PRIVATE_EXTERN = NO;
				GCC_WARN_64_TO_32_BIT_CONVERSION = YES;
				GCC_WARN_ABOUT_RETURN_TYPE = YES_ERROR;
				GCC_WARN_UNDECLARED_SELECTOR = YES;
				GCC_WARN_UNINITIALIZED_AUTOS = YES_AGGRESSIVE;
				GCC_WARN_UNUSED_FUNCTION = YES;
				GCC_WARN_UNUSED_VARIABLE = YES;
				IPHONEOS_DEPLOYMENT_TARGET = 9.3;
				MTL_ENABLE_DEBUG_INFO = YES;
				ONLY_ACTIVE_ARCH = YES;
				SDKROOT = iphoneos;
				SWIFT_OPTIMIZATION_LEVEL = "-Onone";
			};
			name = Debug;
		};
		607FACEE1AFB9204008FA782 /* Release */ = {
			isa = XCBuildConfiguration;
			buildSettings = {
				ALWAYS_SEARCH_USER_PATHS = NO;
				CLANG_CXX_LANGUAGE_STANDARD = "gnu++0x";
				CLANG_CXX_LIBRARY = "libc++";
				CLANG_ENABLE_MODULES = YES;
				CLANG_ENABLE_OBJC_ARC = YES;
				CLANG_WARN_BLOCK_CAPTURE_AUTORELEASING = YES;
				CLANG_WARN_BOOL_CONVERSION = YES;
				CLANG_WARN_COMMA = YES;
				CLANG_WARN_CONSTANT_CONVERSION = YES;
				CLANG_WARN_DIRECT_OBJC_ISA_USAGE = YES_ERROR;
				CLANG_WARN_EMPTY_BODY = YES;
				CLANG_WARN_ENUM_CONVERSION = YES;
				CLANG_WARN_INFINITE_RECURSION = YES;
				CLANG_WARN_INT_CONVERSION = YES;
				CLANG_WARN_NON_LITERAL_NULL_CONVERSION = YES;
				CLANG_WARN_OBJC_LITERAL_CONVERSION = YES;
				CLANG_WARN_OBJC_ROOT_CLASS = YES_ERROR;
				CLANG_WARN_RANGE_LOOP_ANALYSIS = YES;
				CLANG_WARN_STRICT_PROTOTYPES = YES;
				CLANG_WARN_SUSPICIOUS_MOVE = YES;
				CLANG_WARN_UNREACHABLE_CODE = YES;
				CLANG_WARN__DUPLICATE_METHOD_MATCH = YES;
				"CODE_SIGN_IDENTITY[sdk=iphoneos*]" = "iPhone Developer";
				COPY_PHASE_STRIP = NO;
				DEBUG_INFORMATION_FORMAT = "dwarf-with-dsym";
				ENABLE_NS_ASSERTIONS = NO;
				ENABLE_STRICT_OBJC_MSGSEND = YES;
				GCC_C_LANGUAGE_STANDARD = gnu99;
				GCC_NO_COMMON_BLOCKS = YES;
				GCC_WARN_64_TO_32_BIT_CONVERSION = YES;
				GCC_WARN_ABOUT_RETURN_TYPE = YES_ERROR;
				GCC_WARN_UNDECLARED_SELECTOR = YES;
				GCC_WARN_UNINITIALIZED_AUTOS = YES_AGGRESSIVE;
				GCC_WARN_UNUSED_FUNCTION = YES;
				GCC_WARN_UNUSED_VARIABLE = YES;
				IPHONEOS_DEPLOYMENT_TARGET = 9.3;
				MTL_ENABLE_DEBUG_INFO = NO;
				SDKROOT = iphoneos;
				SWIFT_OPTIMIZATION_LEVEL = "-Owholemodule";
				VALIDATE_PRODUCT = YES;
			};
			name = Release;
		};
		607FACF01AFB9204008FA782 /* Debug */ = {
			isa = XCBuildConfiguration;
			baseConfigurationReference = F7E3F1E4784FCFA4DB1C556C /* Pods-CNI-Booking_Example.debug.xcconfig */;
			buildSettings = {
				ALWAYS_EMBED_SWIFT_STANDARD_LIBRARIES = YES;
				ASSETCATALOG_COMPILER_APPICON_NAME = AppIcon;
				CODE_SIGN_IDENTITY = "iPhone Developer";
				DEVELOPMENT_TEAM = DRL7ER946T;
				FRAMEWORK_SEARCH_PATHS = (
					"$(inherited)",
					"$(PROJECT_DIR)",
				);
				INFOPLIST_FILE = "CNI-Booking/Info.plist";
				LD_RUNPATH_SEARCH_PATHS = "$(inherited) @executable_path/Frameworks";
				MODULE_NAME = ExampleApp;
				PRODUCT_BUNDLE_IDENTIFIER = "org.cocoapods.demo.$(PRODUCT_NAME:rfc1034identifier)";
				PRODUCT_NAME = "$(TARGET_NAME)";
				SWIFT_SWIFT3_OBJC_INFERENCE = Default;
				SWIFT_VERSION = 4.0;
			};
			name = Debug;
		};
		607FACF11AFB9204008FA782 /* Release */ = {
			isa = XCBuildConfiguration;
			baseConfigurationReference = 58E6A07C98159ACD6A8B0AC9 /* Pods-CNI-Booking_Example.release.xcconfig */;
			buildSettings = {
				ALWAYS_EMBED_SWIFT_STANDARD_LIBRARIES = YES;
				ASSETCATALOG_COMPILER_APPICON_NAME = AppIcon;
				CODE_SIGN_IDENTITY = "iPhone Developer";
				DEVELOPMENT_TEAM = DRL7ER946T;
				FRAMEWORK_SEARCH_PATHS = (
					"$(inherited)",
					"$(PROJECT_DIR)",
				);
				INFOPLIST_FILE = "CNI-Booking/Info.plist";
				LD_RUNPATH_SEARCH_PATHS = "$(inherited) @executable_path/Frameworks";
				MODULE_NAME = ExampleApp;
				PRODUCT_BUNDLE_IDENTIFIER = "org.cocoapods.demo.$(PRODUCT_NAME:rfc1034identifier)";
				PRODUCT_NAME = "$(TARGET_NAME)";
				SWIFT_SWIFT3_OBJC_INFERENCE = Default;
				SWIFT_VERSION = 4.0;
			};
			name = Release;
		};
		607FACF31AFB9204008FA782 /* Debug */ = {
			isa = XCBuildConfiguration;
			baseConfigurationReference = 8B1FB10E3B66AD3616859DA1 /* Pods-CNI-Booking_Tests.debug.xcconfig */;
			buildSettings = {
				DEVELOPMENT_TEAM = DRL7ER946T;
				FRAMEWORK_SEARCH_PATHS = (
					"$(SDKROOT)/Developer/Library/Frameworks",
					"$(inherited)",
				);
				GCC_PREPROCESSOR_DEFINITIONS = (
					"DEBUG=1",
					"$(inherited)",
				);
				INFOPLIST_FILE = Tests/Info.plist;
				LD_RUNPATH_SEARCH_PATHS = "$(inherited) @executable_path/Frameworks @loader_path/Frameworks";
				PRODUCT_BUNDLE_IDENTIFIER = "org.cocoapods.$(PRODUCT_NAME:rfc1034identifier)";
				PRODUCT_NAME = "$(TARGET_NAME)";
				SWIFT_SWIFT3_OBJC_INFERENCE = Default;
				SWIFT_VERSION = 4.0;
			};
			name = Debug;
		};
		607FACF41AFB9204008FA782 /* Release */ = {
			isa = XCBuildConfiguration;
			baseConfigurationReference = EB2096FD1BFFD333897378BE /* Pods-CNI-Booking_Tests.release.xcconfig */;
			buildSettings = {
				DEVELOPMENT_TEAM = DRL7ER946T;
				FRAMEWORK_SEARCH_PATHS = (
					"$(SDKROOT)/Developer/Library/Frameworks",
					"$(inherited)",
				);
				INFOPLIST_FILE = Tests/Info.plist;
				LD_RUNPATH_SEARCH_PATHS = "$(inherited) @executable_path/Frameworks @loader_path/Frameworks";
				PRODUCT_BUNDLE_IDENTIFIER = "org.cocoapods.$(PRODUCT_NAME:rfc1034identifier)";
				PRODUCT_NAME = "$(TARGET_NAME)";
				SWIFT_SWIFT3_OBJC_INFERENCE = Default;
				SWIFT_VERSION = 4.0;
			};
			name = Release;
		};
/* End XCBuildConfiguration section */

/* Begin XCConfigurationList section */
		3B34B27421A411420097FCB7 /* Build configuration list for PBXNativeTarget "CNI-Itineraries" */ = {
			isa = XCConfigurationList;
			buildConfigurations = (
				3B34B27521A411420097FCB7 /* Debug */,
				3B34B27621A411420097FCB7 /* Release */,
			);
			defaultConfigurationIsVisible = 0;
			defaultConfigurationName = Release;
		};
		3B34B27721A411420097FCB7 /* Build configuration list for PBXNativeTarget "CNI-ItinerariesTests" */ = {
			isa = XCConfigurationList;
			buildConfigurations = (
				3B34B27821A411420097FCB7 /* Debug */,
				3B34B27921A411420097FCB7 /* Release */,
			);
			defaultConfigurationIsVisible = 0;
			defaultConfigurationName = Release;
		};
		607FACCB1AFB9204008FA782 /* Build configuration list for PBXProject "CNI-Booking" */ = {
			isa = XCConfigurationList;
			buildConfigurations = (
				607FACED1AFB9204008FA782 /* Debug */,
				607FACEE1AFB9204008FA782 /* Release */,
			);
			defaultConfigurationIsVisible = 0;
			defaultConfigurationName = Release;
		};
		607FACEF1AFB9204008FA782 /* Build configuration list for PBXNativeTarget "CNI-Booking_Example" */ = {
			isa = XCConfigurationList;
			buildConfigurations = (
				607FACF01AFB9204008FA782 /* Debug */,
				607FACF11AFB9204008FA782 /* Release */,
			);
			defaultConfigurationIsVisible = 0;
			defaultConfigurationName = Release;
		};
		607FACF21AFB9204008FA782 /* Build configuration list for PBXNativeTarget "CNI-Booking_Tests" */ = {
			isa = XCConfigurationList;
			buildConfigurations = (
				607FACF31AFB9204008FA782 /* Debug */,
				607FACF41AFB9204008FA782 /* Release */,
			);
			defaultConfigurationIsVisible = 0;
			defaultConfigurationName = Release;
		};
/* End XCConfigurationList section */
	};
	rootObject = 607FACC81AFB9204008FA782 /* Project object */;
}
